
Microsoft Visual Studio Solution File, Format Version 12.00
# Visual Studio Version 16
VisualStudioVersion = 16.0.30907.101
MinimumVisualStudioVersion = 10.0.40219.1
Project("{FAE04EC0-301F-11D3-BF4B-00C04F79EFBC}") = "Books.API", "Books.API\Books.API.csproj", "{5A780405-E580-4808-81C3-EEF6E8E9AB77}"
EndProject
Project("{FAE04EC0-301F-11D3-BF4B-00C04F79EFBC}") = "BookCovers.API", "BookCovers.API\BookCovers.API.csproj", "{2B210339-BF57-45AE-9069-1B3B17EA61A3}"
EndProject
Global
	GlobalSection(SolutionConfigurationPlatforms) = preSolution
		Debug|Any CPU = Debug|Any CPU
		Release|Any CPU = Release|Any CPU
	EndGlobalSection
	GlobalSection(ProjectConfigurationPlatforms) = postSolution
		{5A780405-E580-4808-81C3-EEF6E8E9AB77}.Debug|Any CPU.ActiveCfg = Debug|Any CPU
		{5A780405-E580-4808-81C3-EEF6E8E9AB77}.Debug|Any CPU.Build.0 = Debug|Any CPU
		{5A780405-E580-4808-81C3-EEF6E8E9AB77}.Release|Any CPU.ActiveCfg = Release|Any CPU
		{5A780405-E580-4808-81C3-EEF6E8E9AB77}.Release|Any CPU.Build.0 = Release|Any CPU
		{2B210339-BF57-45AE-9069-1B3B17EA61A3}.Debug|Any CPU.ActiveCfg = Debug|Any CPU
		{2B210339-BF57-45AE-9069-1B3B17EA61A3}.Debug|Any CPU.Build.0 = Debug|Any CPU
		{2B210339-BF57-45AE-9069-1B3B17EA61A3}.Release|Any CPU.ActiveCfg = Release|Any CPU
		{2B210339-BF57-45AE-9069-1B3B17EA61A3}.Release|Any CPU.Build.0 = Release|Any CPU
	EndGlobalSection
	GlobalSection(SolutionProperties) = preSolution
		HideSolutionNode = FALSE
	EndGlobalSection
	GlobalSection(ExtensibilityGlobals) = postSolution
		SolutionGuid = {94585F64-041C-462D-934B-CBACD82F7578}
	EndGlobalSection
EndGlobal
